
Microsoft Visual Studio Solution File, Format Version 12.00
# Visual Studio 15
VisualStudioVersion = 15.0.35319.79
MinimumVisualStudioVersion = 10.0.40219.1
Project("{FAE04EC0-301F-11D3-BF4B-00C04F79EFBC}") = "TicTacToe", "TicTacToe\TicTacToe.csproj", "{0F2203E6-4838-4034-8321-6A20F88FE755}"
EndProject
Global
	GlobalSection(SolutionConfigurationPlatforms) = preSolution
		Debug|Any CPU = Debug|Any CPU
		Release|Any CPU = Release|Any CPU
	EndGlobalSection
	GlobalSection(ProjectConfigurationPlatforms) = postSolution
		{0F2203E6-4838-4034-8321-6A20F88FE755}.Debug|Any CPU.ActiveCfg = Debug|Any CPU
		{0F2203E6-4838-4034-8321-6A20F88FE755}.Debug|Any CPU.Build.0 = Debug|Any CPU
		{0F2203E6-4838-4034-8321-6A20F88FE755}.Release|Any CPU.ActiveCfg = Release|Any CPU
		{0F2203E6-4838-4034-8321-6A20F88FE755}.Release|Any CPU.Build.0 = Release|Any CPU
	EndGlobalSection
	GlobalSection(SolutionProperties) = preSolution
		HideSolutionNode = FALSE
	EndGlobalSection
	GlobalSection(ExtensibilityGlobals) = postSolution
		SolutionGuid = {284057AA-8F97-4E3E-BA54-9DF459C312E5}
	EndGlobalSection
EndGlobal
